
Microsoft Visual Studio Solution File, Format Version 12.00
# Visual Studio 15
VisualStudioVersion = 15.0.28010.2036
MinimumVisualStudioVersion = 10.0.40219.1
Project("{FAE04EC0-301F-11D3-BF4B-00C04F79EFBC}") = "CSC340DoctorSystem", "CSC340TeamProject\CSC340DoctorSystem.csproj", "{629E6262-5DEF-4A80-935D-C42C7B638257}"
EndProject
Global
	GlobalSection(SolutionConfigurationPlatforms) = preSolution
		Debug|Any CPU = Debug|Any CPU
		Release|Any CPU = Release|Any CPU
	EndGlobalSection
	GlobalSection(ProjectConfigurationPlatforms) = postSolution
		{629E6262-5DEF-4A80-935D-C42C7B638257}.Debug|Any CPU.ActiveCfg = Debug|Any CPU
		{629E6262-5DEF-4A80-935D-C42C7B638257}.Debug|Any CPU.Build.0 = Debug|Any CPU
		{629E6262-5DEF-4A80-935D-C42C7B638257}.Release|Any CPU.ActiveCfg = Release|Any CPU
		{629E6262-5DEF-4A80-935D-C42C7B638257}.Release|Any CPU.Build.0 = Release|Any CPU
	EndGlobalSection
	GlobalSection(SolutionProperties) = preSolution
		HideSolutionNode = FALSE
	EndGlobalSection
	GlobalSection(ExtensibilityGlobals) = postSolution
		SolutionGuid = {C565AD6A-A67C-4F66-8340-27AD4596B82F}
	EndGlobalSection
EndGlobal
